
Microsoft Visual Studio Solution File, Format Version 12.00
# Visual Studio 2012
Project("{FAE04EC0-301F-11D3-BF4B-00C04F79EFBC}") = "JewishBotTests", "JewishBotTests\JewishBotTests.csproj", "{AA319541-BBEE-491E-8DC9-29A465124A1D}"
EndProject
Global
	GlobalSection(SolutionConfigurationPlatforms) = preSolution
		Debug|Any CPU = Debug|Any CPU
		Release|Any CPU = Release|Any CPU
	EndGlobalSection
	GlobalSection(ProjectConfigurationPlatforms) = postSolution
		{AA319541-BBEE-491E-8DC9-29A465124A1D}.Debug|Any CPU.ActiveCfg = Debug|Any CPU
		{AA319541-BBEE-491E-8DC9-29A465124A1D}.Debug|Any CPU.Build.0 = Debug|Any CPU
		{AA319541-BBEE-491E-8DC9-29A465124A1D}.Release|Any CPU.ActiveCfg = Release|Any CPU
		{AA319541-BBEE-491E-8DC9-29A465124A1D}.Release|Any CPU.Build.0 = Release|Any CPU
	EndGlobalSection
EndGlobal
